
Microsoft Visual Studio Solution File, Format Version 12.00
# Visual Studio Version 17
VisualStudioVersion = 17.9.34723.18
MinimumVisualStudioVersion = 10.0.40219.1
Project("{9A19103F-16F7-4668-BE54-9A1E7A4F7556}") = "IdentityAPI", "App\IdentityAPI.csproj", "{92022BCD-59E3-4096-A03E-A31F1C036E78}"
EndProject
Global
	GlobalSection(SolutionConfigurationPlatforms) = preSolution
		Debug|Any CPU = Debug|Any CPU
		Release|Any CPU = Release|Any CPU
	EndGlobalSection
	GlobalSection(ProjectConfigurationPlatforms) = postSolution
		{92022BCD-59E3-4096-A03E-A31F1C036E78}.Debug|Any CPU.ActiveCfg = Debug|Any CPU
		{92022BCD-59E3-4096-A03E-A31F1C036E78}.Debug|Any CPU.Build.0 = Debug|Any CPU
		{92022BCD-59E3-4096-A03E-A31F1C036E78}.Release|Any CPU.ActiveCfg = Release|Any CPU
		{92022BCD-59E3-4096-A03E-A31F1C036E78}.Release|Any CPU.Build.0 = Release|Any CPU
	EndGlobalSection
	GlobalSection(SolutionProperties) = preSolution
		HideSolutionNode = FALSE
	EndGlobalSection
	GlobalSection(ExtensibilityGlobals) = postSolution
		SolutionGuid = {98BE42C2-BC57-4969-AED1-8838F4A0B2BD}
	EndGlobalSection
EndGlobal
